// !$*UTF8*$!
{
	archiveVersion = 1;
	classes = {
	};
	objectVersion = 56;
	objects = {

/* Begin PBXBuildFile section */
		8C3B305E29DAF1E8004739F7 /* NetworkManager.swift in Sources */ = {isa = PBXBuildFile; fileRef = 8C3B305D29DAF1E8004739F7 /* NetworkManager.swift */; };
		8C7EA12929D5C52500D1EAEF /* AppDelegate.swift in Sources */ = {isa = PBXBuildFile; fileRef = 8C7EA12829D5C52500D1EAEF /* AppDelegate.swift */; };
		8C7EA12B29D5C52500D1EAEF /* SceneDelegate.swift in Sources */ = {isa = PBXBuildFile; fileRef = 8C7EA12A29D5C52500D1EAEF /* SceneDelegate.swift */; };
		8C7EA13229D5C52E00D1EAEF /* Assets.xcassets in Resources */ = {isa = PBXBuildFile; fileRef = 8C7EA13129D5C52E00D1EAEF /* Assets.xcassets */; };
		8C7EA13529D5C52E00D1EAEF /* LaunchScreen.storyboard in Resources */ = {isa = PBXBuildFile; fileRef = 8C7EA13329D5C52E00D1EAEF /* LaunchScreen.storyboard */; };
		8C7EA14029D5C52E00D1EAEF /* mySiebold_TwinTests.swift in Sources */ = {isa = PBXBuildFile; fileRef = 8C7EA13F29D5C52E00D1EAEF /* mySiebold_TwinTests.swift */; };
		8C7EA14A29D5C52E00D1EAEF /* mySiebold_TwinUITests.swift in Sources */ = {isa = PBXBuildFile; fileRef = 8C7EA14929D5C52E00D1EAEF /* mySiebold_TwinUITests.swift */; };
		8C7EA14C29D5C52E00D1EAEF /* mySiebold_TwinUITestsLaunchTests.swift in Sources */ = {isa = PBXBuildFile; fileRef = 8C7EA14B29D5C52E00D1EAEF /* mySiebold_TwinUITestsLaunchTests.swift */; };
		8C7EA15D29D5C9CB00D1EAEF /* AppointmentsViewController.swift in Sources */ = {isa = PBXBuildFile; fileRef = 8C7EA15C29D5C9CB00D1EAEF /* AppointmentsViewController.swift */; };
		8C7EA15F29D5CA1100D1EAEF /* SubstitutionPlanViewController.swift in Sources */ = {isa = PBXBuildFile; fileRef = 8C7EA15E29D5CA1100D1EAEF /* SubstitutionPlanViewController.swift */; };
		8C7EA16129D5CA3100D1EAEF /* MenuViewController.swift in Sources */ = {isa = PBXBuildFile; fileRef = 8C7EA16029D5CA3100D1EAEF /* MenuViewController.swift */; };
		8C7EA16329D5CA4900D1EAEF /* TabBarController.swift in Sources */ = {isa = PBXBuildFile; fileRef = 8C7EA16229D5CA4900D1EAEF /* TabBarController.swift */; };
		8C7EA16529D5CC4000D1EAEF /* AppointmentCell.swift in Sources */ = {isa = PBXBuildFile; fileRef = 8C7EA16429D5CC4000D1EAEF /* AppointmentCell.swift */; };
		8C7EA16729D5CC9400D1EAEF /* MenuCell.swift in Sources */ = {isa = PBXBuildFile; fileRef = 8C7EA16629D5CC9400D1EAEF /* MenuCell.swift */; };
		8C7EA16929D5CE2D00D1EAEF /* DataManager.swift in Sources */ = {isa = PBXBuildFile; fileRef = 8C7EA16829D5CE2D00D1EAEF /* DataManager.swift */; };
		8C7EA16B29D5D05100D1EAEF /* Appointment.swift in Sources */ = {isa = PBXBuildFile; fileRef = 8C7EA16A29D5D05100D1EAEF /* Appointment.swift */; };
		8C7EA16D29D5D0C700D1EAEF /* Substitution.swift in Sources */ = {isa = PBXBuildFile; fileRef = 8C7EA16C29D5D0C700D1EAEF /* Substitution.swift */; };
		8C7EA16F29D5D0D500D1EAEF /* Menu.swift in Sources */ = {isa = PBXBuildFile; fileRef = 8C7EA16E29D5D0D500D1EAEF /* Menu.swift */; };
		8C7EA17129D5DECD00D1EAEF /* SubstitutionCell.swift in Sources */ = {isa = PBXBuildFile; fileRef = 8C7EA17029D5DECD00D1EAEF /* SubstitutionCell.swift */; };
/* End PBXBuildFile section */

/* Begin PBXContainerItemProxy section */
		8C7EA13C29D5C52E00D1EAEF /* PBXContainerItemProxy */ = {
			isa = PBXContainerItemProxy;
			containerPortal = 8C7EA11D29D5C52500D1EAEF /* Project object */;
			proxyType = 1;
			remoteGlobalIDString = 8C7EA12429D5C52500D1EAEF;
			remoteInfo = "mySiebold-Twin";
		};
		8C7EA14629D5C52E00D1EAEF /* PBXContainerItemProxy */ = {
			isa = PBXContainerItemProxy;
			containerPortal = 8C7EA11D29D5C52500D1EAEF /* Project object */;
			proxyType = 1;
			remoteGlobalIDString = 8C7EA12429D5C52500D1EAEF;
			remoteInfo = "mySiebold-Twin";
		};
/* End PBXContainerItemProxy section */

/* Begin PBXFileReference section */
		8C3B305D29DAF1E8004739F7 /* NetworkManager.swift */ = {isa = PBXFileReference; lastKnownFileType = sourcecode.swift; path = NetworkManager.swift; sourceTree = "<group>"; };
		8C7EA12529D5C52500D1EAEF /* mySiebold-Twin.app */ = {isa = PBXFileReference; explicitFileType = wrapper.application; includeInIndex = 0; path = "mySiebold-Twin.app"; sourceTree = BUILT_PRODUCTS_DIR; };
		8C7EA12829D5C52500D1EAEF /* AppDelegate.swift */ = {isa = PBXFileReference; lastKnownFileType = sourcecode.swift; path = AppDelegate.swift; sourceTree = "<group>"; };
		8C7EA12A29D5C52500D1EAEF /* SceneDelegate.swift */ = {isa = PBXFileReference; lastKnownFileType = sourcecode.swift; path = SceneDelegate.swift; sourceTree = "<group>"; };
		8C7EA13129D5C52E00D1EAEF /* Assets.xcassets */ = {isa = PBXFileReference; lastKnownFileType = folder.assetcatalog; path = Assets.xcassets; sourceTree = "<group>"; };
		8C7EA13429D5C52E00D1EAEF /* Base */ = {isa = PBXFileReference; lastKnownFileType = file.storyboard; name = Base; path = Base.lproj/LaunchScreen.storyboard; sourceTree = "<group>"; };
		8C7EA13629D5C52E00D1EAEF /* Info.plist */ = {isa = PBXFileReference; lastKnownFileType = text.plist.xml; path = Info.plist; sourceTree = "<group>"; };
		8C7EA13B29D5C52E00D1EAEF /* mySiebold-TwinTests.xctest */ = {isa = PBXFileReference; explicitFileType = wrapper.cfbundle; includeInIndex = 0; path = "mySiebold-TwinTests.xctest"; sourceTree = BUILT_PRODUCTS_DIR; };
		8C7EA13F29D5C52E00D1EAEF /* mySiebold_TwinTests.swift */ = {isa = PBXFileReference; lastKnownFileType = sourcecode.swift; path = mySiebold_TwinTests.swift; sourceTree = "<group>"; };
		8C7EA14529D5C52E00D1EAEF /* mySiebold-TwinUITests.xctest */ = {isa = PBXFileReference; explicitFileType = wrapper.cfbundle; includeInIndex = 0; path = "mySiebold-TwinUITests.xctest"; sourceTree = BUILT_PRODUCTS_DIR; };
		8C7EA14929D5C52E00D1EAEF /* mySiebold_TwinUITests.swift */ = {isa = PBXFileReference; lastKnownFileType = sourcecode.swift; path = mySiebold_TwinUITests.swift; sourceTree = "<group>"; };
		8C7EA14B29D5C52E00D1EAEF /* mySiebold_TwinUITestsLaunchTests.swift */ = {isa = PBXFileReference; lastKnownFileType = sourcecode.swift; path = mySiebold_TwinUITestsLaunchTests.swift; sourceTree = "<group>"; };
		8C7EA15C29D5C9CB00D1EAEF /* AppointmentsViewController.swift */ = {isa = PBXFileReference; lastKnownFileType = sourcecode.swift; path = AppointmentsViewController.swift; sourceTree = "<group>"; };
		8C7EA15E29D5CA1100D1EAEF /* SubstitutionPlanViewController.swift */ = {isa = PBXFileReference; lastKnownFileType = sourcecode.swift; path = SubstitutionPlanViewController.swift; sourceTree = "<group>"; };
		8C7EA16029D5CA3100D1EAEF /* MenuViewController.swift */ = {isa = PBXFileReference; lastKnownFileType = sourcecode.swift; path = MenuViewController.swift; sourceTree = "<group>"; };
		8C7EA16229D5CA4900D1EAEF /* TabBarController.swift */ = {isa = PBXFileReference; lastKnownFileType = sourcecode.swift; path = TabBarController.swift; sourceTree = "<group>"; };
		8C7EA16429D5CC4000D1EAEF /* AppointmentCell.swift */ = {isa = PBXFileReference; lastKnownFileType = sourcecode.swift; path = AppointmentCell.swift; sourceTree = "<group>"; };
		8C7EA16629D5CC9400D1EAEF /* MenuCell.swift */ = {isa = PBXFileReference; lastKnownFileType = sourcecode.swift; path = MenuCell.swift; sourceTree = "<group>"; };
		8C7EA16829D5CE2D00D1EAEF /* DataManager.swift */ = {isa = PBXFileReference; lastKnownFileType = sourcecode.swift; path = DataManager.swift; sourceTree = "<group>"; };
		8C7EA16A29D5D05100D1EAEF /* Appointment.swift */ = {isa = PBXFileReference; lastKnownFileType = sourcecode.swift; path = Appointment.swift; sourceTree = "<group>"; };
		8C7EA16C29D5D0C700D1EAEF /* Substitution.swift */ = {isa = PBXFileReference; lastKnownFileType = sourcecode.swift; path = Substitution.swift; sourceTree = "<group>"; };
		8C7EA16E29D5D0D500D1EAEF /* Menu.swift */ = {isa = PBXFileReference; lastKnownFileType = sourcecode.swift; path = Menu.swift; sourceTree = "<group>"; };
		8C7EA17029D5DECD00D1EAEF /* SubstitutionCell.swift */ = {isa = PBXFileReference; lastKnownFileType = sourcecode.swift; path = SubstitutionCell.swift; sourceTree = "<group>"; };
/* End PBXFileReference section */

/* Begin PBXFrameworksBuildPhase section */
		8C7EA12229D5C52500D1EAEF /* Frameworks */ = {
			isa = PBXFrameworksBuildPhase;
			buildActionMask = 2147483647;
			files = (
			);
			runOnlyForDeploymentPostprocessing = 0;
		};
		8C7EA13829D5C52E00D1EAEF /* Frameworks */ = {
			isa = PBXFrameworksBuildPhase;
			buildActionMask = 2147483647;
			files = (
			);
			runOnlyForDeploymentPostprocessing = 0;
		};
		8C7EA14229D5C52E00D1EAEF /* Frameworks */ = {
			isa = PBXFrameworksBuildPhase;
			buildActionMask = 2147483647;
			files = (
			);
			runOnlyForDeploymentPostprocessing = 0;
		};
/* End PBXFrameworksBuildPhase section */

/* Begin PBXGroup section */
		8C7EA11C29D5C52500D1EAEF = {
			isa = PBXGroup;
			children = (
				8C7EA12729D5C52500D1EAEF /* mySiebold-Twin */,
				8C7EA13E29D5C52E00D1EAEF /* mySiebold-TwinTests */,
				8C7EA14829D5C52E00D1EAEF /* mySiebold-TwinUITests */,
				8C7EA12629D5C52500D1EAEF /* Products */,
			);
			sourceTree = "<group>";
		};
		8C7EA12629D5C52500D1EAEF /* Products */ = {
			isa = PBXGroup;
			children = (
				8C7EA12529D5C52500D1EAEF /* mySiebold-Twin.app */,
				8C7EA13B29D5C52E00D1EAEF /* mySiebold-TwinTests.xctest */,
				8C7EA14529D5C52E00D1EAEF /* mySiebold-TwinUITests.xctest */,
			);
			name = Products;
			sourceTree = "<group>";
		};
		8C7EA12729D5C52500D1EAEF /* mySiebold-Twin */ = {
			isa = PBXGroup;
			children = (
				8C7EA15B29D5C96700D1EAEF /* Helpers */,
				8C7EA15A29D5C95300D1EAEF /* Controllers */,
				8C7EA15929D5C94800D1EAEF /* Views */,
				8C7EA15829D5C93700D1EAEF /* Models */,
				8C7EA12829D5C52500D1EAEF /* AppDelegate.swift */,
				8C7EA12A29D5C52500D1EAEF /* SceneDelegate.swift */,
				8C7EA13129D5C52E00D1EAEF /* Assets.xcassets */,
				8C7EA13329D5C52E00D1EAEF /* LaunchScreen.storyboard */,
				8C7EA13629D5C52E00D1EAEF /* Info.plist */,
			);
			path = "mySiebold-Twin";
			sourceTree = "<group>";
		};
		8C7EA13E29D5C52E00D1EAEF /* mySiebold-TwinTests */ = {
			isa = PBXGroup;
			children = (
				8C7EA13F29D5C52E00D1EAEF /* mySiebold_TwinTests.swift */,
			);
			path = "mySiebold-TwinTests";
			sourceTree = "<group>";
		};
		8C7EA14829D5C52E00D1EAEF /* mySiebold-TwinUITests */ = {
			isa = PBXGroup;
			children = (
				8C7EA14929D5C52E00D1EAEF /* mySiebold_TwinUITests.swift */,
				8C7EA14B29D5C52E00D1EAEF /* mySiebold_TwinUITestsLaunchTests.swift */,
			);
			path = "mySiebold-TwinUITests";
			sourceTree = "<group>";
		};
		8C7EA15829D5C93700D1EAEF /* Models */ = {
			isa = PBXGroup;
			children = (
				8C7EA16A29D5D05100D1EAEF /* Appointment.swift */,
				8C7EA16C29D5D0C700D1EAEF /* Substitution.swift */,
				8C7EA16E29D5D0D500D1EAEF /* Menu.swift */,
			);
			path = Models;
			sourceTree = "<group>";
		};
		8C7EA15929D5C94800D1EAEF /* Views */ = {
			isa = PBXGroup;
			children = (
				8C7EA16429D5CC4000D1EAEF /* AppointmentCell.swift */,
				8C7EA16629D5CC9400D1EAEF /* MenuCell.swift */,
				8C7EA17029D5DECD00D1EAEF /* SubstitutionCell.swift */,
			);
			path = Views;
			sourceTree = "<group>";
		};
		8C7EA15A29D5C95300D1EAEF /* Controllers */ = {
			isa = PBXGroup;
			children = (
				8C7EA15C29D5C9CB00D1EAEF /* AppointmentsViewController.swift */,
				8C7EA15E29D5CA1100D1EAEF /* SubstitutionPlanViewController.swift */,
				8C7EA16029D5CA3100D1EAEF /* MenuViewController.swift */,
				8C7EA16229D5CA4900D1EAEF /* TabBarController.swift */,
			);
			path = Controllers;
			sourceTree = "<group>";
		};
		8C7EA15B29D5C96700D1EAEF /* Helpers */ = {
			isa = PBXGroup;
			children = (
				8C7EA16829D5CE2D00D1EAEF /* DataManager.swift */,
				8C3B305D29DAF1E8004739F7 /* NetworkManager.swift */,
			);
			path = Helpers;
			sourceTree = "<group>";
		};
/* End PBXGroup section */

/* Begin PBXNativeTarget section */
		8C7EA12429D5C52500D1EAEF /* mySiebold-Twin */ = {
			isa = PBXNativeTarget;
			buildConfigurationList = 8C7EA14F29D5C52E00D1EAEF /* Build configuration list for PBXNativeTarget "mySiebold-Twin" */;
			buildPhases = (
				8C7EA12129D5C52500D1EAEF /* Sources */,
				8C7EA12229D5C52500D1EAEF /* Frameworks */,
				8C7EA12329D5C52500D1EAEF /* Resources */,
			);
			buildRules = (
			);
			dependencies = (
			);
			name = "mySiebold-Twin";
			productName = "mySiebold-Twin";
			productReference = 8C7EA12529D5C52500D1EAEF /* mySiebold-Twin.app */;
			productType = "com.apple.product-type.application";
		};
		8C7EA13A29D5C52E00D1EAEF /* mySiebold-TwinTests */ = {
			isa = PBXNativeTarget;
			buildConfigurationList = 8C7EA15229D5C52E00D1EAEF /* Build configuration list for PBXNativeTarget "mySiebold-TwinTests" */;
			buildPhases = (
				8C7EA13729D5C52E00D1EAEF /* Sources */,
				8C7EA13829D5C52E00D1EAEF /* Frameworks */,
				8C7EA13929D5C52E00D1EAEF /* Resources */,
			);
			buildRules = (
			);
			dependencies = (
				8C7EA13D29D5C52E00D1EAEF /* PBXTargetDependency */,
			);
			name = "mySiebold-TwinTests";
			productName = "mySiebold-TwinTests";
			productReference = 8C7EA13B29D5C52E00D1EAEF /* mySiebold-TwinTests.xctest */;
			productType = "com.apple.product-type.bundle.unit-test";
		};
		8C7EA14429D5C52E00D1EAEF /* mySiebold-TwinUITests */ = {
			isa = PBXNativeTarget;
			buildConfigurationList = 8C7EA15529D5C52E00D1EAEF /* Build configuration list for PBXNativeTarget "mySiebold-TwinUITests" */;
			buildPhases = (
				8C7EA14129D5C52E00D1EAEF /* Sources */,
				8C7EA14229D5C52E00D1EAEF /* Frameworks */,
				8C7EA14329D5C52E00D1EAEF /* Resources */,
			);
			buildRules = (
			);
			dependencies = (
				8C7EA14729D5C52E00D1EAEF /* PBXTargetDependency */,
			);
			name = "mySiebold-TwinUITests";
			productName = "mySiebold-TwinUITests";
			productReference = 8C7EA14529D5C52E00D1EAEF /* mySiebold-TwinUITests.xctest */;
			productType = "com.apple.product-type.bundle.ui-testing";
		};
/* End PBXNativeTarget section */

/* Begin PBXProject section */
		8C7EA11D29D5C52500D1EAEF /* Project object */ = {
			isa = PBXProject;
			attributes = {
				BuildIndependentTargetsInParallel = 1;
				LastSwiftUpdateCheck = 1410;
				LastUpgradeCheck = 1410;
				TargetAttributes = {
					8C7EA12429D5C52500D1EAEF = {
						CreatedOnToolsVersion = 14.1;
					};
					8C7EA13A29D5C52E00D1EAEF = {
						CreatedOnToolsVersion = 14.1;
						TestTargetID = 8C7EA12429D5C52500D1EAEF;
					};
					8C7EA14429D5C52E00D1EAEF = {
						CreatedOnToolsVersion = 14.1;
						TestTargetID = 8C7EA12429D5C52500D1EAEF;
					};
				};
			};
			buildConfigurationList = 8C7EA12029D5C52500D1EAEF /* Build configuration list for PBXProject "mySiebold-Twin" */;
			compatibilityVersion = "Xcode 14.0";
			developmentRegion = en;
			hasScannedForEncodings = 0;
			knownRegions = (
				en,
				Base,
			);
			mainGroup = 8C7EA11C29D5C52500D1EAEF;
			productRefGroup = 8C7EA12629D5C52500D1EAEF /* Products */;
			projectDirPath = "";
			projectRoot = "";
			targets = (
				8C7EA12429D5C52500D1EAEF /* mySiebold-Twin */,
				8C7EA13A29D5C52E00D1EAEF /* mySiebold-TwinTests */,
				8C7EA14429D5C52E00D1EAEF /* mySiebold-TwinUITests */,
			);
		};
/* End PBXProject section */

/* Begin PBXResourcesBuildPhase section */
		8C7EA12329D5C52500D1EAEF /* Resources */ = {
			isa = PBXResourcesBuildPhase;
			buildActionMask = 2147483647;
			files = (
				8C7EA13529D5C52E00D1EAEF /* LaunchScreen.storyboard in Resources */,
				8C7EA13229D5C52E00D1EAEF /* Assets.xcassets in Resources */,
			);
			runOnlyForDeploymentPostprocessing = 0;
		};
		8C7EA13929D5C52E00D1EAEF /* Resources */ = {
			isa = PBXResourcesBuildPhase;
			buildActionMask = 2147483647;
			files = (
			);
			runOnlyForDeploymentPostprocessing = 0;
		};
		8C7EA14329D5C52E00D1EAEF /* Resources */ = {
			isa = PBXResourcesBuildPhase;
			buildActionMask = 2147483647;
			files = (
			);
			runOnlyForDeploymentPostprocessing = 0;
		};
/* End PBXResourcesBuildPhase section */

/* Begin PBXSourcesBuildPhase section */
		8C7EA12129D5C52500D1EAEF /* Sources */ = {
			isa = PBXSourcesBuildPhase;
			buildActionMask = 2147483647;
			files = (
				8C7EA16529D5CC4000D1EAEF /* AppointmentCell.swift in Sources */,
				8C7EA12929D5C52500D1EAEF /* AppDelegate.swift in Sources */,
				8C7EA16129D5CA3100D1EAEF /* MenuViewController.swift in Sources */,
				8C7EA15D29D5C9CB00D1EAEF /* AppointmentsViewController.swift in Sources */,
				8C7EA16329D5CA4900D1EAEF /* TabBarController.swift in Sources */,
				8C7EA15F29D5CA1100D1EAEF /* SubstitutionPlanViewController.swift in Sources */,
				8C7EA16F29D5D0D500D1EAEF /* Menu.swift in Sources */,
				8C7EA17129D5DECD00D1EAEF /* SubstitutionCell.swift in Sources */,
				8C7EA16D29D5D0C700D1EAEF /* Substitution.swift in Sources */,
				8C7EA16729D5CC9400D1EAEF /* MenuCell.swift in Sources */,
				8C3B305E29DAF1E8004739F7 /* NetworkManager.swift in Sources */,
				8C7EA16929D5CE2D00D1EAEF /* DataManager.swift in Sources */,
				8C7EA12B29D5C52500D1EAEF /* SceneDelegate.swift in Sources */,
				8C7EA16B29D5D05100D1EAEF /* Appointment.swift in Sources */,
			);
			runOnlyForDeploymentPostprocessing = 0;
		};
		8C7EA13729D5C52E00D1EAEF /* Sources */ = {
			isa = PBXSourcesBuildPhase;
			buildActionMask = 2147483647;
			files = (
				8C7EA14029D5C52E00D1EAEF /* mySiebold_TwinTests.swift in Sources */,
			);
			runOnlyForDeploymentPostprocessing = 0;
		};
		8C7EA14129D5C52E00D1EAEF /* Sources */ = {
			isa = PBXSourcesBuildPhase;
			buildActionMask = 2147483647;
			files = (
				8C7EA14A29D5C52E00D1EAEF /* mySiebold_TwinUITests.swift in Sources */,
				8C7EA14C29D5C52E00D1EAEF /* mySiebold_TwinUITestsLaunchTests.swift in Sources */,
			);
			runOnlyForDeploymentPostprocessing = 0;
		};
/* End PBXSourcesBuildPhase section */

/* Begin PBXTargetDependency section */
		8C7EA13D29D5C52E00D1EAEF /* PBXTargetDependency */ = {
			isa = PBXTargetDependency;
			target = 8C7EA12429D5C52500D1EAEF /* mySiebold-Twin */;
			targetProxy = 8C7EA13C29D5C52E00D1EAEF /* PBXContainerItemProxy */;
		};
		8C7EA14729D5C52E00D1EAEF /* PBXTargetDependency */ = {
			isa = PBXTargetDependency;
			target = 8C7EA12429D5C52500D1EAEF /* mySiebold-Twin */;
			targetProxy = 8C7EA14629D5C52E00D1EAEF /* PBXContainerItemProxy */;
		};
/* End PBXTargetDependency section */

/* Begin PBXVariantGroup section */
		8C7EA13329D5C52E00D1EAEF /* LaunchScreen.storyboard */ = {
			isa = PBXVariantGroup;
			children = (
				8C7EA13429D5C52E00D1EAEF /* Base */,
			);
			name = LaunchScreen.storyboard;
			sourceTree = "<group>";
		};
/* End PBXVariantGroup section */

/* Begin XCBuildConfiguration section */
		8C7EA14D29D5C52E00D1EAEF /* Debug */ = {
			isa = XCBuildConfiguration;
			buildSettings = {
				ALWAYS_SEARCH_USER_PATHS = NO;
				CLANG_ANALYZER_NONNULL = YES;
				CLANG_ANALYZER_NUMBER_OBJECT_CONVERSION = YES_AGGRESSIVE;
				CLANG_CXX_LANGUAGE_STANDARD = "gnu++20";
				CLANG_ENABLE_MODULES = YES;
				CLANG_ENABLE_OBJC_ARC = YES;
				CLANG_ENABLE_OBJC_WEAK = YES;
				CLANG_WARN_BLOCK_CAPTURE_AUTORELEASING = YES;
				CLANG_WARN_BOOL_CONVERSION = YES;
				CLANG_WARN_COMMA = YES;
				CLANG_WARN_CONSTANT_CONVERSION = YES;
				CLANG_WARN_DEPRECATED_OBJC_IMPLEMENTATIONS = YES;
				CLANG_WARN_DIRECT_OBJC_ISA_USAGE = YES_ERROR;
				CLANG_WARN_DOCUMENTATION_COMMENTS = YES;
				CLANG_WARN_EMPTY_BODY = YES;
				CLANG_WARN_ENUM_CONVERSION = YES;
				CLANG_WARN_INFINITE_RECURSION = YES;
				CLANG_WARN_INT_CONVERSION = YES;
				CLANG_WARN_NON_LITERAL_NULL_CONVERSION = YES;
				CLANG_WARN_OBJC_IMPLICIT_RETAIN_SELF = YES;
				CLANG_WARN_OBJC_LITERAL_CONVERSION = YES;
				CLANG_WARN_OBJC_ROOT_CLASS = YES_ERROR;
				CLANG_WARN_QUOTED_INCLUDE_IN_FRAMEWORK_HEADER = YES;
				CLANG_WARN_RANGE_LOOP_ANALYSIS = YES;
				CLANG_WARN_STRICT_PROTOTYPES = YES;
				CLANG_WARN_SUSPICIOUS_MOVE = YES;
				CLANG_WARN_UNGUARDED_AVAILABILITY = YES_AGGRESSIVE;
				CLANG_WARN_UNREACHABLE_CODE = YES;
				CLANG_WARN__DUPLICATE_METHOD_MATCH = YES;
				COPY_PHASE_STRIP = NO;
				DEBUG_INFORMATION_FORMAT = dwarf;
				ENABLE_STRICT_OBJC_MSGSEND = YES;
				ENABLE_TESTABILITY = YES;
				GCC_C_LANGUAGE_STANDARD = gnu11;
				GCC_DYNAMIC_NO_PIC = NO;
				GCC_NO_COMMON_BLOCKS = YES;
				GCC_OPTIMIZATION_LEVEL = 0;
				GCC_PREPROCESSOR_DEFINITIONS = (
					"DEBUG=1",
					"$(inherited)",
				);
				GCC_WARN_64_TO_32_BIT_CONVERSION = YES;
				GCC_WARN_ABOUT_RETURN_TYPE = YES_ERROR;
				GCC_WARN_UNDECLARED_SELECTOR = YES;
				GCC_WARN_UNINITIALIZED_AUTOS = YES_AGGRESSIVE;
				GCC_WARN_UNUSED_FUNCTION = YES;
				GCC_WARN_UNUSED_VARIABLE = YES;
				IPHONEOS_DEPLOYMENT_TARGET = 16.1;
				MTL_ENABLE_DEBUG_INFO = INCLUDE_SOURCE;
				MTL_FAST_MATH = YES;
				ONLY_ACTIVE_ARCH = YES;
				SDKROOT = iphoneos;
				SWIFT_ACTIVE_COMPILATION_CONDITIONS = DEBUG;
				SWIFT_OPTIMIZATION_LEVEL = "-Onone";
			};
			name = Debug;
		};
		8C7EA14E29D5C52E00D1EAEF /* Release */ = {
			isa = XCBuildConfiguration;
			buildSettings = {
				ALWAYS_SEARCH_USER_PATHS = NO;
				CLANG_ANALYZER_NONNULL = YES;
				CLANG_ANALYZER_NUMBER_OBJECT_CONVERSION = YES_AGGRESSIVE;
				CLANG_CXX_LANGUAGE_STANDARD = "gnu++20";
				CLANG_ENABLE_MODULES = YES;
				CLANG_ENABLE_OBJC_ARC = YES;
				CLANG_ENABLE_OBJC_WEAK = YES;
				CLANG_WARN_BLOCK_CAPTURE_AUTORELEASING = YES;
				CLANG_WARN_BOOL_CONVERSION = YES;
				CLANG_WARN_COMMA = YES;
				CLANG_WARN_CONSTANT_CONVERSION = YES;
				CLANG_WARN_DEPRECATED_OBJC_IMPLEMENTATIONS = YES;
				CLANG_WARN_DIRECT_OBJC_ISA_USAGE = YES_ERROR;
				CLANG_WARN_DOCUMENTATION_COMMENTS = YES;
				CLANG_WARN_EMPTY_BODY = YES;
				CLANG_WARN_ENUM_CONVERSION = YES;
				CLANG_WARN_INFINITE_RECURSION = YES;
				CLANG_WARN_INT_CONVERSION = YES;
				CLANG_WARN_NON_LITERAL_NULL_CONVERSION = YES;
				CLANG_WARN_OBJC_IMPLICIT_RETAIN_SELF = YES;
				CLANG_WARN_OBJC_LITERAL_CONVERSION = YES;
				CLANG_WARN_OBJC_ROOT_CLASS = YES_ERROR;
				CLANG_WARN_QUOTED_INCLUDE_IN_FRAMEWORK_HEADER = YES;
				CLANG_WARN_RANGE_LOOP_ANALYSIS = YES;
				CLANG_WARN_STRICT_PROTOTYPES = YES;
				CLANG_WARN_SUSPICIOUS_MOVE = YES;
				CLANG_WARN_UNGUARDED_AVAILABILITY = YES_AGGRESSIVE;
				CLANG_WARN_UNREACHABLE_CODE = YES;
				CLANG_WARN__DUPLICATE_METHOD_MATCH = YES;
				COPY_PHASE_STRIP = NO;
				DEBUG_INFORMATION_FORMAT = "dwarf-with-dsym";
				ENABLE_NS_ASSERTIONS = NO;
				ENABLE_STRICT_OBJC_MSGSEND = YES;
				GCC_C_LANGUAGE_STANDARD = gnu11;
				GCC_NO_COMMON_BLOCKS = YES;
				GCC_WARN_64_TO_32_BIT_CONVERSION = YES;
				GCC_WARN_ABOUT_RETURN_TYPE = YES_ERROR;
				GCC_WARN_UNDECLARED_SELECTOR = YES;
				GCC_WARN_UNINITIALIZED_AUTOS = YES_AGGRESSIVE;
				GCC_WARN_UNUSED_FUNCTION = YES;
				GCC_WARN_UNUSED_VARIABLE = YES;
				IPHONEOS_DEPLOYMENT_TARGET = 16.1;
				MTL_ENABLE_DEBUG_INFO = NO;
				MTL_FAST_MATH = YES;
				SDKROOT = iphoneos;
				SWIFT_COMPILATION_MODE = wholemodule;
				SWIFT_OPTIMIZATION_LEVEL = "-O";
				VALIDATE_PRODUCT = YES;
			};
			name = Release;
		};
		8C7EA15029D5C52E00D1EAEF /* Debug */ = {
			isa = XCBuildConfiguration;
			buildSettings = {
				ASSETCATALOG_COMPILER_APPICON_NAME = AppIcon;
				ASSETCATALOG_COMPILER_GLOBAL_ACCENT_COLOR_NAME = AccentColor;
				CODE_SIGN_STYLE = Automatic;
				CURRENT_PROJECT_VERSION = 1;
				DEVELOPMENT_TEAM = 587V3P3QNV;
				GENERATE_INFOPLIST_FILE = YES;
				INFOPLIST_FILE = "mySiebold-Twin/Info.plist";
				INFOPLIST_KEY_LSApplicationCategoryType = "public.app-category.education";
				INFOPLIST_KEY_UIApplicationSupportsIndirectInputEvents = YES;
				INFOPLIST_KEY_UILaunchStoryboardName = LaunchScreen;
				INFOPLIST_KEY_UIMainStoryboardFile = Main;
				INFOPLIST_KEY_UISupportedInterfaceOrientations = UIInterfaceOrientationPortrait;
				INFOPLIST_KEY_UISupportedInterfaceOrientations_iPad = "UIInterfaceOrientationLandscapeLeft UIInterfaceOrientationLandscapeRight UIInterfaceOrientationPortrait";
				IPHONEOS_DEPLOYMENT_TARGET = 15.0;
				LD_RUNPATH_SEARCH_PATHS = (
					"$(inherited)",
					"@executable_path/Frameworks",
				);
				MARKETING_VERSION = 1.0;
				PRODUCT_BUNDLE_IDENTIFIER = "com.Lukas-Ackermann.mySiebold-Twin";
				PRODUCT_NAME = "$(TARGET_NAME)";
				SUPPORTED_PLATFORMS = "iphoneos iphonesimulator";
				SUPPORTS_MACCATALYST = NO;
				SUPPORTS_MAC_DESIGNED_FOR_IPHONE_IPAD = NO;
				SWIFT_EMIT_LOC_STRINGS = YES;
				SWIFT_VERSION = 5.0;
				TARGETED_DEVICE_FAMILY = "1,2";
			};
			name = Debug;
		};
		8C7EA15129D5C52E00D1EAEF /* Release */ = {
			isa = XCBuildConfiguration;
			buildSettings = {
				ASSETCATALOG_COMPILER_APPICON_NAME = AppIcon;
				ASSETCATALOG_COMPILER_GLOBAL_ACCENT_COLOR_NAME = AccentColor;
				CODE_SIGN_STYLE = Automatic;
				CURRENT_PROJECT_VERSION = 1;
				DEVELOPMENT_TEAM = 587V3P3QNV;
				GENERATE_INFOPLIST_FILE = YES;
				INFOPLIST_FILE = "mySiebold-Twin/Info.plist";
				INFOPLIST_KEY_LSApplicationCategoryType = "public.app-category.education";
				INFOPLIST_KEY_UIApplicationSupportsIndirectInputEvents = YES;
				INFOPLIST_KEY_UILaunchStoryboardName = LaunchScreen;
				INFOPLIST_KEY_UIMainStoryboardFile = Main;
				INFOPLIST_KEY_UISupportedInterfaceOrientations = UIInterfaceOrientationPortrait;
				INFOPLIST_KEY_UISupportedInterfaceOrientations_iPad = "UIInterfaceOrientationLandscapeLeft UIInterfaceOrientationLandscapeRight UIInterfaceOrientationPortrait";
				IPHONEOS_DEPLOYMENT_TARGET = 15.0;
				LD_RUNPATH_SEARCH_PATHS = (
					"$(inherited)",
					"@executable_path/Frameworks",
				);
				MARKETING_VERSION = 1.0;
				PRODUCT_BUNDLE_IDENTIFIER = "com.Lukas-Ackermann.mySiebold-Twin";
				PRODUCT_NAME = "$(TARGET_NAME)";
				SUPPORTED_PLATFORMS = "iphoneos iphonesimulator";
				SUPPORTS_MACCATALYST = NO;
				SUPPORTS_MAC_DESIGNED_FOR_IPHONE_IPAD = NO;
				SWIFT_EMIT_LOC_STRINGS = YES;
				SWIFT_VERSION = 5.0;
				TARGETED_DEVICE_FAMILY = "1,2";
			};
			name = Release;
		};
		8C7EA15329D5C52E00D1EAEF /* Debug */ = {
			isa = XCBuildConfiguration;
			buildSettings = {
				ALWAYS_EMBED_SWIFT_STANDARD_LIBRARIES = YES;
				BUNDLE_LOADER = "$(TEST_HOST)";
				CODE_SIGN_STYLE = Automatic;
				CURRENT_PROJECT_VERSION = 1;
				DEVELOPMENT_TEAM = 587V3P3QNV;
				GENERATE_INFOPLIST_FILE = YES;
				IPHONEOS_DEPLOYMENT_TARGET = 16.1;
				MARKETING_VERSION = 1.0;
				PRODUCT_BUNDLE_IDENTIFIER = "com.Lukas-Ackermann.mySiebold-TwinTests";
				PRODUCT_NAME = "$(TARGET_NAME)";
				SWIFT_EMIT_LOC_STRINGS = NO;
				SWIFT_VERSION = 5.0;
				TARGETED_DEVICE_FAMILY = "1,2";
				TEST_HOST = "$(BUILT_PRODUCTS_DIR)/mySiebold-Twin.app/$(BUNDLE_EXECUTABLE_FOLDER_PATH)/mySiebold-Twin";
			};
			name = Debug;
		};
		8C7EA15429D5C52E00D1EAEF /* Release */ = {
			isa = XCBuildConfiguration;
			buildSettings = {
				ALWAYS_EMBED_SWIFT_STANDARD_LIBRARIES = YES;
				BUNDLE_LOADER = "$(TEST_HOST)";
				CODE_SIGN_STYLE = Automatic;
				CURRENT_PROJECT_VERSION = 1;
				DEVELOPMENT_TEAM = 587V3P3QNV;
				GENERATE_INFOPLIST_FILE = YES;
				IPHONEOS_DEPLOYMENT_TARGET = 16.1;
				MARKETING_VERSION = 1.0;
				PRODUCT_BUNDLE_IDENTIFIER = "com.Lukas-Ackermann.mySiebold-TwinTests";
				PRODUCT_NAME = "$(TARGET_NAME)";
				SWIFT_EMIT_LOC_STRINGS = NO;
				SWIFT_VERSION = 5.0;
				TARGETED_DEVICE_FAMILY = "1,2";
				TEST_HOST = "$(BUILT_PRODUCTS_DIR)/mySiebold-Twin.app/$(BUNDLE_EXECUTABLE_FOLDER_PATH)/mySiebold-Twin";
			};
			name = Release;
		};
		8C7EA15629D5C52E00D1EAEF /* Debug */ = {
			isa = XCBuildConfiguration;
			buildSettings = {
				ALWAYS_EMBED_SWIFT_STANDARD_LIBRARIES = YES;
				CODE_SIGN_STYLE = Automatic;
				CURRENT_PROJECT_VERSION = 1;
				DEVELOPMENT_TEAM = 587V3P3QNV;
				GENERATE_INFOPLIST_FILE = YES;
				MARKETING_VERSION = 1.0;
				PRODUCT_BUNDLE_IDENTIFIER = "com.Lukas-Ackermann.mySiebold-TwinUITests";
				PRODUCT_NAME = "$(TARGET_NAME)";
				SWIFT_EMIT_LOC_STRINGS = NO;
				SWIFT_VERSION = 5.0;
				TARGETED_DEVICE_FAMILY = "1,2";
				TEST_TARGET_NAME = "mySiebold-Twin";
			};
			name = Debug;
		};
		8C7EA15729D5C52E00D1EAEF /* Release */ = {
			isa = XCBuildConfiguration;
			buildSettings = {
				ALWAYS_EMBED_SWIFT_STANDARD_LIBRARIES = YES;
				CODE_SIGN_STYLE = Automatic;
				CURRENT_PROJECT_VERSION = 1;
				DEVELOPMENT_TEAM = 587V3P3QNV;
				GENERATE_INFOPLIST_FILE = YES;
				MARKETING_VERSION = 1.0;
				PRODUCT_BUNDLE_IDENTIFIER = "com.Lukas-Ackermann.mySiebold-TwinUITests";
				PRODUCT_NAME = "$(TARGET_NAME)";
				SWIFT_EMIT_LOC_STRINGS = NO;
				SWIFT_VERSION = 5.0;
				TARGETED_DEVICE_FAMILY = "1,2";
				TEST_TARGET_NAME = "mySiebold-Twin";
			};
			name = Release;
		};
/* End XCBuildConfiguration section */

/* Begin XCConfigurationList section */
		8C7EA12029D5C52500D1EAEF /* Build configuration list for PBXProject "mySiebold-Twin" */ = {
			isa = XCConfigurationList;
			buildConfigurations = (
				8C7EA14D29D5C52E00D1EAEF /* Debug */,
				8C7EA14E29D5C52E00D1EAEF /* Release */,
			);
			defaultConfigurationIsVisible = 0;
			defaultConfigurationName = Release;
		};
		8C7EA14F29D5C52E00D1EAEF /* Build configuration list for PBXNativeTarget "mySiebold-Twin" */ = {
			isa = XCConfigurationList;
			buildConfigurations = (
				8C7EA15029D5C52E00D1EAEF /* Debug */,
				8C7EA15129D5C52E00D1EAEF /* Release */,
			);
			defaultConfigurationIsVisible = 0;
			defaultConfigurationName = Release;
		};
		8C7EA15229D5C52E00D1EAEF /* Build configuration list for PBXNativeTarget "mySiebold-TwinTests" */ = {
			isa = XCConfigurationList;
			buildConfigurations = (
				8C7EA15329D5C52E00D1EAEF /* Debug */,
				8C7EA15429D5C52E00D1EAEF /* Release */,
			);
			defaultConfigurationIsVisible = 0;
			defaultConfigurationName = Release;
		};
		8C7EA15529D5C52E00D1EAEF /* Build configuration list for PBXNativeTarget "mySiebold-TwinUITests" */ = {
			isa = XCConfigurationList;
			buildConfigurations = (
				8C7EA15629D5C52E00D1EAEF /* Debug */,
				8C7EA15729D5C52E00D1EAEF /* Release */,
			);
			defaultConfigurationIsVisible = 0;
			defaultConfigurationName = Release;
		};
/* End XCConfigurationList section */
	};
	rootObject = 8C7EA11D29D5C52500D1EAEF /* Project object */;
}
